// !$*UTF8*$!
{
	archiveVersion = 1;
	classes = {
	};
	objectVersion = 48;
	objects = {

/* Begin PBXBuildFile section */
		B056F3FA1F74DC8A009C91B3 /* AppDelegate.swift in Sources */ = {isa = PBXBuildFile; fileRef = B056F3F91F74DC8A009C91B3 /* AppDelegate.swift */; };
		B056F3FC1F74DC8A009C91B3 /* ViewController.swift in Sources */ = {isa = PBXBuildFile; fileRef = B056F3FB1F74DC8A009C91B3 /* ViewController.swift */; };
		B056F3FF1F74DC8A009C91B3 /* Main.storyboard in Resources */ = {isa = PBXBuildFile; fileRef = B056F3FD1F74DC8A009C91B3 /* Main.storyboard */; };
		B056F4011F74DC8A009C91B3 /* Assets.xcassets in Resources */ = {isa = PBXBuildFile; fileRef = B056F4001F74DC8A009C91B3 /* Assets.xcassets */; };
		B056F4041F74DC8A009C91B3 /* LaunchScreen.storyboard in Resources */ = {isa = PBXBuildFile; fileRef = B056F4021F74DC8A009C91B3 /* LaunchScreen.storyboard */; };
		B056F40F1F74DC8A009C91B3 /* riskbitTests.swift in Sources */ = {isa = PBXBuildFile; fileRef = B056F40E1F74DC8A009C91B3 /* riskbitTests.swift */; };
		B056F41A1F74DC8A009C91B3 /* riskbitUITests.swift in Sources */ = {isa = PBXBuildFile; fileRef = B056F4191F74DC8A009C91B3 /* riskbitUITests.swift */; };
/* End PBXBuildFile section */

/* Begin PBXContainerItemProxy section */
		B056F40B1F74DC8A009C91B3 /* PBXContainerItemProxy */ = {
			isa = PBXContainerItemProxy;
			containerPortal = B056F3EE1F74DC8A009C91B3 /* Project object */;
			proxyType = 1;
			remoteGlobalIDString = B056F3F51F74DC8A009C91B3;
			remoteInfo = riskbit;
		};
		B056F4161F74DC8A009C91B3 /* PBXContainerItemProxy */ = {
			isa = PBXContainerItemProxy;
			containerPortal = B056F3EE1F74DC8A009C91B3 /* Project object */;
			proxyType = 1;
			remoteGlobalIDString = B056F3F51F74DC8A009C91B3;
			remoteInfo = riskbit;
		};
/* End PBXContainerItemProxy section */

/* Begin PBXFileReference section */
		B056F3F61F74DC8A009C91B3 /* riskbit.app */ = {isa = PBXFileReference; explicitFileType = wrapper.application; includeInIndex = 0; path = riskbit.app; sourceTree = BUILT_PRODUCTS_DIR; };
		B056F3F91F74DC8A009C91B3 /* AppDelegate.swift */ = {isa = PBXFileReference; lastKnownFileType = sourcecode.swift; path = AppDelegate.swift; sourceTree = "<group>"; };
		B056F3FB1F74DC8A009C91B3 /* ViewController.swift */ = {isa = PBXFileReference; lastKnownFileType = sourcecode.swift; path = ViewController.swift; sourceTree = "<group>"; };
		B056F3FE1F74DC8A009C91B3 /* Base */ = {isa = PBXFileReference; lastKnownFileType = file.storyboard; name = Base; path = Base.lproj/Main.storyboard; sourceTree = "<group>"; };
		B056F4001F74DC8A009C91B3 /* Assets.xcassets */ = {isa = PBXFileReference; lastKnownFileType = folder.assetcatalog; path = Assets.xcassets; sourceTree = "<group>"; };
		B056F4031F74DC8A009C91B3 /* Base */ = {isa = PBXFileReference; lastKnownFileType = file.storyboard; name = Base; path = Base.lproj/LaunchScreen.storyboard; sourceTree = "<group>"; };
		B056F4051F74DC8A009C91B3 /* Info.plist */ = {isa = PBXFileReference; lastKnownFileType = text.plist.xml; path = Info.plist; sourceTree = "<group>"; };
		B056F40A1F74DC8A009C91B3 /* riskbitTests.xctest */ = {isa = PBXFileReference; explicitFileType = wrapper.cfbundle; includeInIndex = 0; path = riskbitTests.xctest; sourceTree = BUILT_PRODUCTS_DIR; };
		B056F40E1F74DC8A009C91B3 /* riskbitTests.swift */ = {isa = PBXFileReference; lastKnownFileType = sourcecode.swift; path = riskbitTests.swift; sourceTree = "<group>"; };
		B056F4101F74DC8A009C91B3 /* Info.plist */ = {isa = PBXFileReference; lastKnownFileType = text.plist.xml; path = Info.plist; sourceTree = "<group>"; };
		B056F4151F74DC8A009C91B3 /* riskbitUITests.xctest */ = {isa = PBXFileReference; explicitFileType = wrapper.cfbundle; includeInIndex = 0; path = riskbitUITests.xctest; sourceTree = BUILT_PRODUCTS_DIR; };
		B056F4191F74DC8A009C91B3 /* riskbitUITests.swift */ = {isa = PBXFileReference; lastKnownFileType = sourcecode.swift; path = riskbitUITests.swift; sourceTree = "<group>"; };
		B056F41B1F74DC8A009C91B3 /* Info.plist */ = {isa = PBXFileReference; lastKnownFileType = text.plist.xml; path = Info.plist; sourceTree = "<group>"; };
/* End PBXFileReference section */

/* Begin PBXFrameworksBuildPhase section */
		B056F3F31F74DC8A009C91B3 /* Frameworks */ = {
			isa = PBXFrameworksBuildPhase;
			buildActionMask = 2147483647;
			files = (
			);
			runOnlyForDeploymentPostprocessing = 0;
		};
		B056F4071F74DC8A009C91B3 /* Frameworks */ = {
			isa = PBXFrameworksBuildPhase;
			buildActionMask = 2147483647;
			files = (
			);
			runOnlyForDeploymentPostprocessing = 0;
		};
		B056F4121F74DC8A009C91B3 /* Frameworks */ = {
			isa = PBXFrameworksBuildPhase;
			buildActionMask = 2147483647;
			files = (
			);
			runOnlyForDeploymentPostprocessing = 0;
		};
/* End PBXFrameworksBuildPhase section */

/* Begin PBXGroup section */
		B056F3ED1F74DC8A009C91B3 = {
			isa = PBXGroup;
			children = (
				B056F3F81F74DC8A009C91B3 /* riskbit */,
				B056F40D1F74DC8A009C91B3 /* riskbitTests */,
				B056F4181F74DC8A009C91B3 /* riskbitUITests */,
				B056F3F71F74DC8A009C91B3 /* Products */,
			);
			sourceTree = "<group>";
		};
		B056F3F71F74DC8A009C91B3 /* Products */ = {
			isa = PBXGroup;
			children = (
				B056F3F61F74DC8A009C91B3 /* riskbit.app */,
				B056F40A1F74DC8A009C91B3 /* riskbitTests.xctest */,
				B056F4151F74DC8A009C91B3 /* riskbitUITests.xctest */,
			);
			name = Products;
			sourceTree = "<group>";
		};
		B056F3F81F74DC8A009C91B3 /* riskbit */ = {
			isa = PBXGroup;
			children = (
				B056F3F91F74DC8A009C91B3 /* AppDelegate.swift */,
				B056F3FB1F74DC8A009C91B3 /* ViewController.swift */,
				B056F3FD1F74DC8A009C91B3 /* Main.storyboard */,
				B056F4001F74DC8A009C91B3 /* Assets.xcassets */,
				B056F4021F74DC8A009C91B3 /* LaunchScreen.storyboard */,
				B056F4051F74DC8A009C91B3 /* Info.plist */,
			);
			path = riskbit;
			sourceTree = "<group>";
		};
		B056F40D1F74DC8A009C91B3 /* riskbitTests */ = {
			isa = PBXGroup;
			children = (
				B056F40E1F74DC8A009C91B3 /* riskbitTests.swift */,
				B056F4101F74DC8A009C91B3 /* Info.plist */,
			);
			path = riskbitTests;
			sourceTree = "<group>";
		};
		B056F4181F74DC8A009C91B3 /* riskbitUITests */ = {
			isa = PBXGroup;
			children = (
				B056F4191F74DC8A009C91B3 /* riskbitUITests.swift */,
				B056F41B1F74DC8A009C91B3 /* Info.plist */,
			);
			path = riskbitUITests;
			sourceTree = "<group>";
		};
/* End PBXGroup section */

/* Begin PBXNativeTarget section */
		B056F3F51F74DC8A009C91B3 /* riskbit */ = {
			isa = PBXNativeTarget;
			buildConfigurationList = B056F41E1F74DC8A009C91B3 /* Build configuration list for PBXNativeTarget "riskbit" */;
			buildPhases = (
				B056F3F21F74DC8A009C91B3 /* Sources */,
				B056F3F31F74DC8A009C91B3 /* Frameworks */,
				B056F3F41F74DC8A009C91B3 /* Resources */,
			);
			buildRules = (
			);
			dependencies = (
			);
			name = riskbit;
			productName = riskbit;
			productReference = B056F3F61F74DC8A009C91B3 /* riskbit.app */;
			productType = "com.apple.product-type.application";
		};
		B056F4091F74DC8A009C91B3 /* riskbitTests */ = {
			isa = PBXNativeTarget;
			buildConfigurationList = B056F4211F74DC8A009C91B3 /* Build configuration list for PBXNativeTarget "riskbitTests" */;
			buildPhases = (
				B056F4061F74DC8A009C91B3 /* Sources */,
				B056F4071F74DC8A009C91B3 /* Frameworks */,
				B056F4081F74DC8A009C91B3 /* Resources */,
			);
			buildRules = (
			);
			dependencies = (
				B056F40C1F74DC8A009C91B3 /* PBXTargetDependency */,
			);
			name = riskbitTests;
			productName = riskbitTests;
			productReference = B056F40A1F74DC8A009C91B3 /* riskbitTests.xctest */;
			productType = "com.apple.product-type.bundle.unit-test";
		};
		B056F4141F74DC8A009C91B3 /* riskbitUITests */ = {
			isa = PBXNativeTarget;
			buildConfigurationList = B056F4241F74DC8A009C91B3 /* Build configuration list for PBXNativeTarget "riskbitUITests" */;
			buildPhases = (
				B056F4111F74DC8A009C91B3 /* Sources */,
				B056F4121F74DC8A009C91B3 /* Frameworks */,
				B056F4131F74DC8A009C91B3 /* Resources */,
			);
			buildRules = (
			);
			dependencies = (
				B056F4171F74DC8A009C91B3 /* PBXTargetDependency */,
			);
			name = riskbitUITests;
			productName = riskbitUITests;
			productReference = B056F4151F74DC8A009C91B3 /* riskbitUITests.xctest */;
			productType = "com.apple.product-type.bundle.ui-testing";
		};
/* End PBXNativeTarget section */

/* Begin PBXProject section */
		B056F3EE1F74DC8A009C91B3 /* Project object */ = {
			isa = PBXProject;
			attributes = {
				LastSwiftUpdateCheck = 0900;
				LastUpgradeCheck = 0900;
				ORGANIZATIONNAME = "Alexander Murphy";
				TargetAttributes = {
					B056F3F51F74DC8A009C91B3 = {
						CreatedOnToolsVersion = 9.0;
						ProvisioningStyle = Automatic;
					};
					B056F4091F74DC8A009C91B3 = {
						CreatedOnToolsVersion = 9.0;
						ProvisioningStyle = Automatic;
						TestTargetID = B056F3F51F74DC8A009C91B3;
					};
					B056F4141F74DC8A009C91B3 = {
						CreatedOnToolsVersion = 9.0;
						ProvisioningStyle = Automatic;
						TestTargetID = B056F3F51F74DC8A009C91B3;
					};
				};
			};
			buildConfigurationList = B056F3F11F74DC8A009C91B3 /* Build configuration list for PBXProject "riskbit" */;
			compatibilityVersion = "Xcode 8.0";
			developmentRegion = en;
			hasScannedForEncodings = 0;
			knownRegions = (
				en,
				Base,
			);
			mainGroup = B056F3ED1F74DC8A009C91B3;
			productRefGroup = B056F3F71F74DC8A009C91B3 /* Products */;
			projectDirPath = "";
			projectRoot = "";
			targets = (
				B056F3F51F74DC8A009C91B3 /* riskbit */,
				B056F4091F74DC8A009C91B3 /* riskbitTests */,
				B056F4141F74DC8A009C91B3 /* riskbitUITests */,
			);
		};
/* End PBXProject section */

/* Begin PBXResourcesBuildPhase section */
		B056F3F41F74DC8A009C91B3 /* Resources */ = {
			isa = PBXResourcesBuildPhase;
			buildActionMask = 2147483647;
			files = (
				B056F4041F74DC8A009C91B3 /* LaunchScreen.storyboard in Resources */,
				B056F4011F74DC8A009C91B3 /* Assets.xcassets in Resources */,
				B056F3FF1F74DC8A009C91B3 /* Main.storyboard in Resources */,
			);
			runOnlyForDeploymentPostprocessing = 0;
		};
		B056F4081F74DC8A009C91B3 /* Resources */ = {
			isa = PBXResourcesBuildPhase;
			buildActionMask = 2147483647;
			files = (
			);
			runOnlyForDeploymentPostprocessing = 0;
		};
		B056F4131F74DC8A009C91B3 /* Resources */ = {
			isa = PBXResourcesBuildPhase;
			buildActionMask = 2147483647;
			files = (
			);
			runOnlyForDeploymentPostprocessing = 0;
		};
/* End PBXResourcesBuildPhase section */

/* Begin PBXSourcesBuildPhase section */
		B056F3F21F74DC8A009C91B3 /* Sources */ = {
			isa = PBXSourcesBuildPhase;
			buildActionMask = 2147483647;
			files = (
				B056F3FC1F74DC8A009C91B3 /* ViewController.swift in Sources */,
				B056F3FA1F74DC8A009C91B3 /* AppDelegate.swift in Sources */,
			);
			runOnlyForDeploymentPostprocessing = 0;
		};
		B056F4061F74DC8A009C91B3 /* Sources */ = {
			isa = PBXSourcesBuildPhase;
			buildActionMask = 2147483647;
			files = (
				B056F40F1F74DC8A009C91B3 /* riskbitTests.swift in Sources */,
			);
			runOnlyForDeploymentPostprocessing = 0;
		};
		B056F4111F74DC8A009C91B3 /* Sources */ = {
			isa = PBXSourcesBuildPhase;
			buildActionMask = 2147483647;
			files = (
				B056F41A1F74DC8A009C91B3 /* riskbitUITests.swift in Sources */,
			);
			runOnlyForDeploymentPostprocessing = 0;
		};
/* End PBXSourcesBuildPhase section */

/* Begin PBXTargetDependency section */
		B056F40C1F74DC8A009C91B3 /* PBXTargetDependency */ = {
			isa = PBXTargetDependency;
			target = B056F3F51F74DC8A009C91B3 /* riskbit */;
			targetProxy = B056F40B1F74DC8A009C91B3 /* PBXContainerItemProxy */;
		};
		B056F4171F74DC8A009C91B3 /* PBXTargetDependency */ = {
			isa = PBXTargetDependency;
			target = B056F3F51F74DC8A009C91B3 /* riskbit */;
			targetProxy = B056F4161F74DC8A009C91B3 /* PBXContainerItemProxy */;
		};
/* End PBXTargetDependency section */

/* Begin PBXVariantGroup section */
		B056F3FD1F74DC8A009C91B3 /* Main.storyboard */ = {
			isa = PBXVariantGroup;
			children = (
				B056F3FE1F74DC8A009C91B3 /* Base */,
			);
			name = Main.storyboard;
			sourceTree = "<group>";
		};
		B056F4021F74DC8A009C91B3 /* LaunchScreen.storyboard */ = {
			isa = PBXVariantGroup;
			children = (
				B056F4031F74DC8A009C91B3 /* Base */,
			);
			name = LaunchScreen.storyboard;
			sourceTree = "<group>";
		};
/* End PBXVariantGroup section */

/* Begin XCBuildConfiguration section */
		B056F41C1F74DC8A009C91B3 /* Debug */ = {
			isa = XCBuildConfiguration;
			buildSettings = {
				ALWAYS_SEARCH_USER_PATHS = NO;
				CLANG_ANALYZER_NONNULL = YES;
				CLANG_ANALYZER_NUMBER_OBJECT_CONVERSION = YES_AGGRESSIVE;
				CLANG_CXX_LANGUAGE_STANDARD = "gnu++14";
				CLANG_CXX_LIBRARY = "libc++";
				CLANG_ENABLE_MODULES = YES;
				CLANG_ENABLE_OBJC_ARC = YES;
				CLANG_WARN_BLOCK_CAPTURE_AUTORELEASING = YES;
				CLANG_WARN_BOOL_CONVERSION = YES;
				CLANG_WARN_COMMA = YES;
				CLANG_WARN_CONSTANT_CONVERSION = YES;
				CLANG_WARN_DIRECT_OBJC_ISA_USAGE = YES_ERROR;
				CLANG_WARN_DOCUMENTATION_COMMENTS = YES;
				CLANG_WARN_EMPTY_BODY = YES;
				CLANG_WARN_ENUM_CONVERSION = YES;
				CLANG_WARN_INFINITE_RECURSION = YES;
				CLANG_WARN_INT_CONVERSION = YES;
				CLANG_WARN_NON_LITERAL_NULL_CONVERSION = YES;
				CLANG_WARN_OBJC_LITERAL_CONVERSION = YES;
				CLANG_WARN_OBJC_ROOT_CLASS = YES_ERROR;
				CLANG_WARN_RANGE_LOOP_ANALYSIS = YES;
				CLANG_WARN_STRICT_PROTOTYPES = YES;
				CLANG_WARN_SUSPICIOUS_MOVE = YES;
				CLANG_WARN_UNGUARDED_AVAILABILITY = YES_AGGRESSIVE;
				CLANG_WARN_UNREACHABLE_CODE = YES;
				CLANG_WARN__DUPLICATE_METHOD_MATCH = YES;
				CODE_SIGN_IDENTITY = "iPhone Developer";
				COPY_PHASE_STRIP = NO;
				DEBUG_INFORMATION_FORMAT = dwarf;
				ENABLE_STRICT_OBJC_MSGSEND = YES;
				ENABLE_TESTABILITY = YES;
				GCC_C_LANGUAGE_STANDARD = gnu11;
				GCC_DYNAMIC_NO_PIC = NO;
				GCC_NO_COMMON_BLOCKS = YES;
				GCC_OPTIMIZATION_LEVEL = 0;
				GCC_PREPROCESSOR_DEFINITIONS = (
					"DEBUG=1",
					"$(inherited)",
				);
				GCC_WARN_64_TO_32_BIT_CONVERSION = YES;
				GCC_WARN_ABOUT_RETURN_TYPE = YES_ERROR;
				GCC_WARN_UNDECLARED_SELECTOR = YES;
				GCC_WARN_UNINITIALIZED_AUTOS = YES_AGGRESSIVE;
				GCC_WARN_UNUSED_FUNCTION = YES;
				GCC_WARN_UNUSED_VARIABLE = YES;
				IPHONEOS_DEPLOYMENT_TARGET = 11.0;
				MTL_ENABLE_DEBUG_INFO = YES;
				ONLY_ACTIVE_ARCH = YES;
				SDKROOT = iphoneos;
				SWIFT_ACTIVE_COMPILATION_CONDITIONS = DEBUG;
				SWIFT_OPTIMIZATION_LEVEL = "-Onone";
			};
			name = Debug;
		};
		B056F41D1F74DC8A009C91B3 /* Release */ = {
			isa = XCBuildConfiguration;
			buildSettings = {
				ALWAYS_SEARCH_USER_PATHS = NO;
				CLANG_ANALYZER_NONNULL = YES;
				CLANG_ANALYZER_NUMBER_OBJECT_CONVERSION = YES_AGGRESSIVE;
				CLANG_CXX_LANGUAGE_STANDARD = "gnu++14";
				CLANG_CXX_LIBRARY = "libc++";
				CLANG_ENABLE_MODULES = YES;
				CLANG_ENABLE_OBJC_ARC = YES;
				CLANG_WARN_BLOCK_CAPTURE_AUTORELEASING = YES;
				CLANG_WARN_BOOL_CONVERSION = YES;
				CLANG_WARN_COMMA = YES;
				CLANG_WARN_CONSTANT_CONVERSION = YES;
				CLANG_WARN_DIRECT_OBJC_ISA_USAGE = YES_ERROR;
				CLANG_WARN_DOCUMENTATION_COMMENTS = YES;
				CLANG_WARN_EMPTY_BODY = YES;
				CLANG_WARN_ENUM_CONVERSION = YES;
				CLANG_WARN_INFINITE_RECURSION = YES;
				CLANG_WARN_INT_CONVERSION = YES;
				CLANG_WARN_NON_LITERAL_NULL_CONVERSION = YES;
				CLANG_WARN_OBJC_LITERAL_CONVERSION = YES;
				CLANG_WARN_OBJC_ROOT_CLASS = YES_ERROR;
				CLANG_WARN_RANGE_LOOP_ANALYSIS = YES;
				CLANG_WARN_STRICT_PROTOTYPES = YES;
				CLANG_WARN_SUSPICIOUS_MOVE = YES;
				CLANG_WARN_UNGUARDED_AVAILABILITY = YES_AGGRESSIVE;
				CLANG_WARN_UNREACHABLE_CODE = YES;
				CLANG_WARN__DUPLICATE_METHOD_MATCH = YES;
				CODE_SIGN_IDENTITY = "iPhone Developer";
				COPY_PHASE_STRIP = NO;
				DEBUG_INFORMATION_FORMAT = "dwarf-with-dsym";
				ENABLE_NS_ASSERTIONS = NO;
				ENABLE_STRICT_OBJC_MSGSEND = YES;
				GCC_C_LANGUAGE_STANDARD = gnu11;
				GCC_NO_COMMON_BLOCKS = YES;
				GCC_WARN_64_TO_32_BIT_CONVERSION = YES;
				GCC_WARN_ABOUT_RETURN_TYPE = YES_ERROR;
				GCC_WARN_UNDECLARED_SELECTOR = YES;
				GCC_WARN_UNINITIALIZED_AUTOS = YES_AGGRESSIVE;
				GCC_WARN_UNUSED_FUNCTION = YES;
				GCC_WARN_UNUSED_VARIABLE = YES;
				IPHONEOS_DEPLOYMENT_TARGET = 11.0;
				MTL_ENABLE_DEBUG_INFO = NO;
				SDKROOT = iphoneos;
				SWIFT_OPTIMIZATION_LEVEL = "-Owholemodule";
				VALIDATE_PRODUCT = YES;
			};
			name = Release;
		};
		B056F41F1F74DC8A009C91B3 /* Debug */ = {
			isa = XCBuildConfiguration;
			buildSettings = {
				ASSETCATALOG_COMPILER_APPICON_NAME = AppIcon;
				CODE_SIGN_STYLE = Automatic;
				DEVELOPMENT_TEAM = 9L49SS68XP;
				INFOPLIST_FILE = riskbit/Info.plist;
				LD_RUNPATH_SEARCH_PATHS = "$(inherited) @executable_path/Frameworks";
				PRODUCT_BUNDLE_IDENTIFIER = thexande.riskbit;
				PRODUCT_NAME = "$(TARGET_NAME)";
				SWIFT_VERSION = 4.0;
				TARGETED_DEVICE_FAMILY = "1,2";
			};
			name = Debug;
		};
		B056F4201F74DC8A009C91B3 /* Release */ = {
			isa = XCBuildConfiguration;
			buildSettings = {
				ASSETCATALOG_COMPILER_APPICON_NAME = AppIcon;
				CODE_SIGN_STYLE = Automatic;
				DEVELOPMENT_TEAM = 9L49SS68XP;
				INFOPLIST_FILE = riskbit/Info.plist;
				LD_RUNPATH_SEARCH_PATHS = "$(inherited) @executable_path/Frameworks";
				PRODUCT_BUNDLE_IDENTIFIER = thexande.riskbit;
				PRODUCT_NAME = "$(TARGET_NAME)";
				SWIFT_VERSION = 4.0;
				TARGETED_DEVICE_FAMILY = "1,2";
			};
			name = Release;
		};
		B056F4221F74DC8A009C91B3 /* Debug */ = {
			isa = XCBuildConfiguration;
			buildSettings = {
				ALWAYS_EMBED_SWIFT_STANDARD_LIBRARIES = YES;
				BUNDLE_LOADER = "$(TEST_HOST)";
				CODE_SIGN_STYLE = Automatic;
				INFOPLIST_FILE = riskbitTests/Info.plist;
				LD_RUNPATH_SEARCH_PATHS = "$(inherited) @executable_path/Frameworks @loader_path/Frameworks";
				PRODUCT_BUNDLE_IDENTIFIER = thexande.riskbitTests;
				PRODUCT_NAME = "$(TARGET_NAME)";
				SWIFT_VERSION = 4.0;
				TARGETED_DEVICE_FAMILY = "1,2";
				TEST_HOST = "$(BUILT_PRODUCTS_DIR)/riskbit.app/riskbit";
			};
			name = Debug;
		};
		B056F4231F74DC8A009C91B3 /* Release */ = {
			isa = XCBuildConfiguration;
			buildSettings = {
				ALWAYS_EMBED_SWIFT_STANDARD_LIBRARIES = YES;
				BUNDLE_LOADER = "$(TEST_HOST)";
				CODE_SIGN_STYLE = Automatic;
				INFOPLIST_FILE = riskbitTests/Info.plist;
				LD_RUNPATH_SEARCH_PATHS = "$(inherited) @executable_path/Frameworks @loader_path/Frameworks";
				PRODUCT_BUNDLE_IDENTIFIER = thexande.riskbitTests;
				PRODUCT_NAME = "$(TARGET_NAME)";
				SWIFT_VERSION = 4.0;
				TARGETED_DEVICE_FAMILY = "1,2";
				TEST_HOST = "$(BUILT_PRODUCTS_DIR)/riskbit.app/riskbit";
			};
			name = Release;
		};
		B056F4251F74DC8A009C91B3 /* Debug */ = {
			isa = XCBuildConfiguration;
			buildSettings = {
				ALWAYS_EMBED_SWIFT_STANDARD_LIBRARIES = YES;
				CODE_SIGN_STYLE = Automatic;
				INFOPLIST_FILE = riskbitUITests/Info.plist;
				LD_RUNPATH_SEARCH_PATHS = "$(inherited) @executable_path/Frameworks @loader_path/Frameworks";
				PRODUCT_BUNDLE_IDENTIFIER = thexande.riskbitUITests;
				PRODUCT_NAME = "$(TARGET_NAME)";
				SWIFT_VERSION = 4.0;
				TARGETED_DEVICE_FAMILY = "1,2";
				TEST_TARGET_NAME = riskbit;
			};
			name = Debug;
		};
		B056F4261F74DC8A009C91B3 /* Release */ = {
			isa = XCBuildConfiguration;
			buildSettings = {
				ALWAYS_EMBED_SWIFT_STANDARD_LIBRARIES = YES;
				CODE_SIGN_STYLE = Automatic;
				INFOPLIST_FILE = riskbitUITests/Info.plist;
				LD_RUNPATH_SEARCH_PATHS = "$(inherited) @executable_path/Frameworks @loader_path/Frameworks";
				PRODUCT_BUNDLE_IDENTIFIER = thexande.riskbitUITests;
				PRODUCT_NAME = "$(TARGET_NAME)";
				SWIFT_VERSION = 4.0;
				TARGETED_DEVICE_FAMILY = "1,2";
				TEST_TARGET_NAME = riskbit;
			};
			name = Release;
		};
/* End XCBuildConfiguration section */

/* Begin XCConfigurationList section */
		B056F3F11F74DC8A009C91B3 /* Build configuration list for PBXProject "riskbit" */ = {
			isa = XCConfigurationList;
			buildConfigurations = (
				B056F41C1F74DC8A009C91B3 /* Debug */,
				B056F41D1F74DC8A009C91B3 /* Release */,
			);
			defaultConfigurationIsVisible = 0;
			defaultConfigurationName = Release;
		};
		B056F41E1F74DC8A009C91B3 /* Build configuration list for PBXNativeTarget "riskbit" */ = {
			isa = XCConfigurationList;
			buildConfigurations = (
				B056F41F1F74DC8A009C91B3 /* Debug */,
				B056F4201F74DC8A009C91B3 /* Release */,
			);
			defaultConfigurationIsVisible = 0;
			defaultConfigurationName = Release;
		};
		B056F4211F74DC8A009C91B3 /* Build configuration list for PBXNativeTarget "riskbitTests" */ = {
			isa = XCConfigurationList;
			buildConfigurations = (
				B056F4221F74DC8A009C91B3 /* Debug */,
				B056F4231F74DC8A009C91B3 /* Release */,
			);
			defaultConfigurationIsVisible = 0;
			defaultConfigurationName = Release;
		};
		B056F4241F74DC8A009C91B3 /* Build configuration list for PBXNativeTarget "riskbitUITests" */ = {
			isa = XCConfigurationList;
			buildConfigurations = (
				B056F4251F74DC8A009C91B3 /* Debug */,
				B056F4261F74DC8A009C91B3 /* Release */,
			);
			defaultConfigurationIsVisible = 0;
			defaultConfigurationName = Release;
		};
/* End XCConfigurationList section */
	};
	rootObject = B056F3EE1F74DC8A009C91B3 /* Project object */;
}
