// !$*UTF8*$!
{
	archiveVersion = 1;
	classes = {
	};
	objectVersion = 48;
	objects = {

/* Begin PBXBuildFile section */
		05918718476DB68696D96A4C /* Pods_riskbitTests.framework in Frameworks */ = {isa = PBXBuildFile; fileRef = A14F0730D30321834D093784 /* Pods_riskbitTests.framework */; };
		AF06A6DB260744E7EF6867E9 /* Pods_riskbitUITests.framework in Frameworks */ = {isa = PBXBuildFile; fileRef = DC32D70A20F38BDBF9CEBF4A /* Pods_riskbitUITests.framework */; };
		B01B0E101F76BFAB007A6A62 /* JSONToRealmHelper.swift in Sources */ = {isa = PBXBuildFile; fileRef = B01B0E0F1F76BFAB007A6A62 /* JSONToRealmHelper.swift */; };
		B01B0E121F76C02C007A6A62 /* RealmCrudHelper.swift in Sources */ = {isa = PBXBuildFile; fileRef = B01B0E111F76C02C007A6A62 /* RealmCrudHelper.swift */; };
		B02BE3881F772227001F4B18 /* TaskDetailViewController.swift in Sources */ = {isa = PBXBuildFile; fileRef = B02BE3871F772227001F4B18 /* TaskDetailViewController.swift */; };
		B02BE38A1F773FBF001F4B18 /* AddTaskToQueueViewController.swift in Sources */ = {isa = PBXBuildFile; fileRef = B02BE3891F773FBF001F4B18 /* AddTaskToQueueViewController.swift */; };
		B056F3FA1F74DC8A009C91B3 /* AppDelegate.swift in Sources */ = {isa = PBXBuildFile; fileRef = B056F3F91F74DC8A009C91B3 /* AppDelegate.swift */; };
		B056F3FC1F74DC8A009C91B3 /* RootViewController.swift in Sources */ = {isa = PBXBuildFile; fileRef = B056F3FB1F74DC8A009C91B3 /* RootViewController.swift */; };
		B056F4011F74DC8A009C91B3 /* Assets.xcassets in Resources */ = {isa = PBXBuildFile; fileRef = B056F4001F74DC8A009C91B3 /* Assets.xcassets */; };
		B056F4041F74DC8A009C91B3 /* LaunchScreen.storyboard in Resources */ = {isa = PBXBuildFile; fileRef = B056F4021F74DC8A009C91B3 /* LaunchScreen.storyboard */; };
		B056F40F1F74DC8A009C91B3 /* riskbitTests.swift in Sources */ = {isa = PBXBuildFile; fileRef = B056F40E1F74DC8A009C91B3 /* riskbitTests.swift */; };
		B056F41A1F74DC8A009C91B3 /* riskbitUITests.swift in Sources */ = {isa = PBXBuildFile; fileRef = B056F4191F74DC8A009C91B3 /* riskbitUITests.swift */; };
		B06A1CC21F774D130049A7DB /* UserTaskDetailViewController.swift in Sources */ = {isa = PBXBuildFile; fileRef = B06A1CC11F774D130049A7DB /* UserTaskDetailViewController.swift */; };
		B06A1CC41F7751EC0049A7DB /* TaskDetailRiskHeaderVIew.swift in Sources */ = {isa = PBXBuildFile; fileRef = B06A1CC31F7751EC0049A7DB /* TaskDetailRiskHeaderVIew.swift */; };
		B06A1CC71F7753330049A7DB /* StyleConstants.swift in Sources */ = {isa = PBXBuildFile; fileRef = B06A1CC61F7753330049A7DB /* StyleConstants.swift */; };
		B06A1CC91F7774F30049A7DB /* AddTaskTableHeaderView.swift in Sources */ = {isa = PBXBuildFile; fileRef = B06A1CC81F7774F30049A7DB /* AddTaskTableHeaderView.swift */; };
		B0AA72EA1F76F60E0079B1E7 /* UILabel.swift in Sources */ = {isa = PBXBuildFile; fileRef = B0AA72E91F76F60E0079B1E7 /* UILabel.swift */; };
		B0AA72EC1F76F7690079B1E7 /* MappingModels.swift in Sources */ = {isa = PBXBuildFile; fileRef = B0AA72EB1F76F7690079B1E7 /* MappingModels.swift */; };
		B0D3A7FA1F760F0500076C82 /* TasksTabViewController.swift in Sources */ = {isa = PBXBuildFile; fileRef = B0D3A7F91F760F0500076C82 /* TasksTabViewController.swift */; };
		B0D3A7FC1F76104500076C82 /* RootTabBarViewController.swift in Sources */ = {isa = PBXBuildFile; fileRef = B0D3A7FB1F76104500076C82 /* RootTabBarViewController.swift */; };
		B0D3A80A1F7610CD00076C82 /* DistanceCalculationHelper.swift in Sources */ = {isa = PBXBuildFile; fileRef = B0D3A7FE1F7610CD00076C82 /* DistanceCalculationHelper.swift */; };
		B0D3A80B1F7610CD00076C82 /* LocationHelper.swift in Sources */ = {isa = PBXBuildFile; fileRef = B0D3A7FF1F7610CD00076C82 /* LocationHelper.swift */; };
		B0D3A80C1F7610CD00076C82 /* PermissionHelper.swift in Sources */ = {isa = PBXBuildFile; fileRef = B0D3A8001F7610CD00076C82 /* PermissionHelper.swift */; };
		B0D3A80D1F7610CD00076C82 /* TimestampHelper.swift in Sources */ = {isa = PBXBuildFile; fileRef = B0D3A8011F7610CD00076C82 /* TimestampHelper.swift */; };
		B0D3A80E1F7610CD00076C82 /* UUIDHelper.swift in Sources */ = {isa = PBXBuildFile; fileRef = B0D3A8021F7610CD00076C82 /* UUIDHelper.swift */; };
		B0D3A80F1F7610CD00076C82 /* PlayerHelper.swift in Sources */ = {isa = PBXBuildFile; fileRef = B0D3A8031F7610CD00076C82 /* PlayerHelper.swift */; };
		B0D3A8101F7610CD00076C82 /* DateHelper.swift in Sources */ = {isa = PBXBuildFile; fileRef = B0D3A8041F7610CD00076C82 /* DateHelper.swift */; };
		B0D3A8111F7610CD00076C82 /* Reachability.swift in Sources */ = {isa = PBXBuildFile; fileRef = B0D3A8051F7610CD00076C82 /* Reachability.swift */; };
		B0D3A8121F7610CD00076C82 /* GlobalStyleHelper.swift in Sources */ = {isa = PBXBuildFile; fileRef = B0D3A8061F7610CD00076C82 /* GlobalStyleHelper.swift */; };
		B0D3A8131F7610CD00076C82 /* FontAwesomeHelper.swift in Sources */ = {isa = PBXBuildFile; fileRef = B0D3A8071F7610CD00076C82 /* FontAwesomeHelper.swift */; };
		B0D3A8141F7610CD00076C82 /* GeoLocationHelper.swift in Sources */ = {isa = PBXBuildFile; fileRef = B0D3A8081F7610CD00076C82 /* GeoLocationHelper.swift */; };
		B0D3A8151F7610CD00076C82 /* VideoHelper.swift in Sources */ = {isa = PBXBuildFile; fileRef = B0D3A8091F7610CD00076C82 /* VideoHelper.swift */; };
		B0D619251F76EB3400D3249F /* TaskTableCell.swift in Sources */ = {isa = PBXBuildFile; fileRef = B0D619241F76EB3400D3249F /* TaskTableCell.swift */; };
		B0D6192C1F76F42000D3249F /* SpeechToTextSearchViewController.xib in Resources */ = {isa = PBXBuildFile; fileRef = B0D6192A1F76F42000D3249F /* SpeechToTextSearchViewController.xib */; };
		B0D6192D1F76F42000D3249F /* SpeechToTextSearchViewController.swift in Sources */ = {isa = PBXBuildFile; fileRef = B0D6192B1F76F42000D3249F /* SpeechToTextSearchViewController.swift */; };
		B0DFA92D1F76122300229288 /* GeoAddress.swift in Sources */ = {isa = PBXBuildFile; fileRef = B0DFA92C1F76122300229288 /* GeoAddress.swift */; };
		B0DFA9301F76A28700229288 /* APIService.swift in Sources */ = {isa = PBXBuildFile; fileRef = B0DFA92F1F76A28700229288 /* APIService.swift */; };
		B0DFA9321F76A52500229288 /* QueueTabViewController.swift in Sources */ = {isa = PBXBuildFile; fileRef = B0DFA9311F76A52500229288 /* QueueTabViewController.swift */; };
		B0DFA9351F76A5CA00229288 /* AccountTabViewController.swift in Sources */ = {isa = PBXBuildFile; fileRef = B0DFA9341F76A5CA00229288 /* AccountTabViewController.swift */; };
		B0DFA9371F76A62100229288 /* LeaderboardTabViewController.swift in Sources */ = {isa = PBXBuildFile; fileRef = B0DFA9361F76A62100229288 /* LeaderboardTabViewController.swift */; };
		B0DFA9391F76A71B00229288 /* RealmModels.swift in Sources */ = {isa = PBXBuildFile; fileRef = B0DFA9381F76A71B00229288 /* RealmModels.swift */; };
		B0E0C7791F74E5BD000DD594 /* LoginViewController.swift in Sources */ = {isa = PBXBuildFile; fileRef = B0E0C7781F74E5BD000DD594 /* LoginViewController.swift */; };
		B0EE3F791F781D010038A1D4 /* BeginNewTaskViewController.swift in Sources */ = {isa = PBXBuildFile; fileRef = B0EE3F781F781D010038A1D4 /* BeginNewTaskViewController.swift */; };
		EFBB420898172B89048C50B5 /* Pods_riskbit.framework in Frameworks */ = {isa = PBXBuildFile; fileRef = 6328833E1E18F6437146B1D3 /* Pods_riskbit.framework */; };
/* End PBXBuildFile section */

/* Begin PBXContainerItemProxy section */
		B056F40B1F74DC8A009C91B3 /* PBXContainerItemProxy */ = {
			isa = PBXContainerItemProxy;
			containerPortal = B056F3EE1F74DC8A009C91B3 /* Project object */;
			proxyType = 1;
			remoteGlobalIDString = B056F3F51F74DC8A009C91B3;
			remoteInfo = riskbit;
		};
		B056F4161F74DC8A009C91B3 /* PBXContainerItemProxy */ = {
			isa = PBXContainerItemProxy;
			containerPortal = B056F3EE1F74DC8A009C91B3 /* Project object */;
			proxyType = 1;
			remoteGlobalIDString = B056F3F51F74DC8A009C91B3;
			remoteInfo = riskbit;
		};
/* End PBXContainerItemProxy section */

/* Begin PBXFileReference section */
		0B17995218371A964D8710F9 /* Pods-riskbit.release.xcconfig */ = {isa = PBXFileReference; includeInIndex = 1; lastKnownFileType = text.xcconfig; name = "Pods-riskbit.release.xcconfig"; path = "Pods/Target Support Files/Pods-riskbit/Pods-riskbit.release.xcconfig"; sourceTree = "<group>"; };
		25EC8DC03D0C21EE020D197B /* Pods-riskbitUITests.debug.xcconfig */ = {isa = PBXFileReference; includeInIndex = 1; lastKnownFileType = text.xcconfig; name = "Pods-riskbitUITests.debug.xcconfig"; path = "Pods/Target Support Files/Pods-riskbitUITests/Pods-riskbitUITests.debug.xcconfig"; sourceTree = "<group>"; };
		3E149561D16B2034D5210E67 /* Pods-riskbit.debug.xcconfig */ = {isa = PBXFileReference; includeInIndex = 1; lastKnownFileType = text.xcconfig; name = "Pods-riskbit.debug.xcconfig"; path = "Pods/Target Support Files/Pods-riskbit/Pods-riskbit.debug.xcconfig"; sourceTree = "<group>"; };
		5113BED697D02F5386423D04 /* Pods-riskbitTests.debug.xcconfig */ = {isa = PBXFileReference; includeInIndex = 1; lastKnownFileType = text.xcconfig; name = "Pods-riskbitTests.debug.xcconfig"; path = "Pods/Target Support Files/Pods-riskbitTests/Pods-riskbitTests.debug.xcconfig"; sourceTree = "<group>"; };
		52A916C2E4BD483AAA215A08 /* Pods-riskbitUITests.release.xcconfig */ = {isa = PBXFileReference; includeInIndex = 1; lastKnownFileType = text.xcconfig; name = "Pods-riskbitUITests.release.xcconfig"; path = "Pods/Target Support Files/Pods-riskbitUITests/Pods-riskbitUITests.release.xcconfig"; sourceTree = "<group>"; };
		6328833E1E18F6437146B1D3 /* Pods_riskbit.framework */ = {isa = PBXFileReference; explicitFileType = wrapper.framework; includeInIndex = 0; path = Pods_riskbit.framework; sourceTree = BUILT_PRODUCTS_DIR; };
		A14F0730D30321834D093784 /* Pods_riskbitTests.framework */ = {isa = PBXFileReference; explicitFileType = wrapper.framework; includeInIndex = 0; path = Pods_riskbitTests.framework; sourceTree = BUILT_PRODUCTS_DIR; };
		B01B0E0F1F76BFAB007A6A62 /* JSONToRealmHelper.swift */ = {isa = PBXFileReference; lastKnownFileType = sourcecode.swift; path = JSONToRealmHelper.swift; sourceTree = "<group>"; };
		B01B0E111F76C02C007A6A62 /* RealmCrudHelper.swift */ = {isa = PBXFileReference; lastKnownFileType = sourcecode.swift; path = RealmCrudHelper.swift; sourceTree = "<group>"; };
		B02BE3871F772227001F4B18 /* TaskDetailViewController.swift */ = {isa = PBXFileReference; lastKnownFileType = sourcecode.swift; path = TaskDetailViewController.swift; sourceTree = "<group>"; };
		B02BE3891F773FBF001F4B18 /* AddTaskToQueueViewController.swift */ = {isa = PBXFileReference; lastKnownFileType = sourcecode.swift; path = AddTaskToQueueViewController.swift; sourceTree = "<group>"; };
		B056F3F61F74DC8A009C91B3 /* riskbit.app */ = {isa = PBXFileReference; explicitFileType = wrapper.application; includeInIndex = 0; path = riskbit.app; sourceTree = BUILT_PRODUCTS_DIR; };
		B056F3F91F74DC8A009C91B3 /* AppDelegate.swift */ = {isa = PBXFileReference; lastKnownFileType = sourcecode.swift; path = AppDelegate.swift; sourceTree = "<group>"; };
		B056F3FB1F74DC8A009C91B3 /* RootViewController.swift */ = {isa = PBXFileReference; lastKnownFileType = sourcecode.swift; path = RootViewController.swift; sourceTree = "<group>"; };
		B056F4001F74DC8A009C91B3 /* Assets.xcassets */ = {isa = PBXFileReference; lastKnownFileType = folder.assetcatalog; path = Assets.xcassets; sourceTree = "<group>"; };
		B056F4031F74DC8A009C91B3 /* Base */ = {isa = PBXFileReference; lastKnownFileType = file.storyboard; name = Base; path = Base.lproj/LaunchScreen.storyboard; sourceTree = "<group>"; };
		B056F4051F74DC8A009C91B3 /* Info.plist */ = {isa = PBXFileReference; lastKnownFileType = text.plist.xml; path = Info.plist; sourceTree = "<group>"; };
		B056F40A1F74DC8A009C91B3 /* riskbitTests.xctest */ = {isa = PBXFileReference; explicitFileType = wrapper.cfbundle; includeInIndex = 0; path = riskbitTests.xctest; sourceTree = BUILT_PRODUCTS_DIR; };
		B056F40E1F74DC8A009C91B3 /* riskbitTests.swift */ = {isa = PBXFileReference; lastKnownFileType = sourcecode.swift; path = riskbitTests.swift; sourceTree = "<group>"; };
		B056F4101F74DC8A009C91B3 /* Info.plist */ = {isa = PBXFileReference; lastKnownFileType = text.plist.xml; path = Info.plist; sourceTree = "<group>"; };
		B056F4151F74DC8A009C91B3 /* riskbitUITests.xctest */ = {isa = PBXFileReference; explicitFileType = wrapper.cfbundle; includeInIndex = 0; path = riskbitUITests.xctest; sourceTree = BUILT_PRODUCTS_DIR; };
		B056F4191F74DC8A009C91B3 /* riskbitUITests.swift */ = {isa = PBXFileReference; lastKnownFileType = sourcecode.swift; path = riskbitUITests.swift; sourceTree = "<group>"; };
		B056F41B1F74DC8A009C91B3 /* Info.plist */ = {isa = PBXFileReference; lastKnownFileType = text.plist.xml; path = Info.plist; sourceTree = "<group>"; };
		B06A1CC11F774D130049A7DB /* UserTaskDetailViewController.swift */ = {isa = PBXFileReference; lastKnownFileType = sourcecode.swift; path = UserTaskDetailViewController.swift; sourceTree = "<group>"; };
		B06A1CC31F7751EC0049A7DB /* TaskDetailRiskHeaderVIew.swift */ = {isa = PBXFileReference; lastKnownFileType = sourcecode.swift; path = TaskDetailRiskHeaderVIew.swift; sourceTree = "<group>"; };
		B06A1CC61F7753330049A7DB /* StyleConstants.swift */ = {isa = PBXFileReference; lastKnownFileType = sourcecode.swift; path = StyleConstants.swift; sourceTree = "<group>"; };
		B06A1CC81F7774F30049A7DB /* AddTaskTableHeaderView.swift */ = {isa = PBXFileReference; lastKnownFileType = sourcecode.swift; path = AddTaskTableHeaderView.swift; sourceTree = "<group>"; };
		B0AA72E91F76F60E0079B1E7 /* UILabel.swift */ = {isa = PBXFileReference; lastKnownFileType = sourcecode.swift; path = UILabel.swift; sourceTree = "<group>"; };
		B0AA72EB1F76F7690079B1E7 /* MappingModels.swift */ = {isa = PBXFileReference; lastKnownFileType = sourcecode.swift; path = MappingModels.swift; sourceTree = "<group>"; };
		B0D3A7F91F760F0500076C82 /* TasksTabViewController.swift */ = {isa = PBXFileReference; lastKnownFileType = sourcecode.swift; path = TasksTabViewController.swift; sourceTree = "<group>"; };
		B0D3A7FB1F76104500076C82 /* RootTabBarViewController.swift */ = {isa = PBXFileReference; lastKnownFileType = sourcecode.swift; path = RootTabBarViewController.swift; sourceTree = "<group>"; };
		B0D3A7FE1F7610CD00076C82 /* DistanceCalculationHelper.swift */ = {isa = PBXFileReference; fileEncoding = 4; lastKnownFileType = sourcecode.swift; path = DistanceCalculationHelper.swift; sourceTree = "<group>"; };
		B0D3A7FF1F7610CD00076C82 /* LocationHelper.swift */ = {isa = PBXFileReference; fileEncoding = 4; lastKnownFileType = sourcecode.swift; path = LocationHelper.swift; sourceTree = "<group>"; };
		B0D3A8001F7610CD00076C82 /* PermissionHelper.swift */ = {isa = PBXFileReference; fileEncoding = 4; lastKnownFileType = sourcecode.swift; path = PermissionHelper.swift; sourceTree = "<group>"; };
		B0D3A8011F7610CD00076C82 /* TimestampHelper.swift */ = {isa = PBXFileReference; fileEncoding = 4; lastKnownFileType = sourcecode.swift; path = TimestampHelper.swift; sourceTree = "<group>"; };
		B0D3A8021F7610CD00076C82 /* UUIDHelper.swift */ = {isa = PBXFileReference; fileEncoding = 4; lastKnownFileType = sourcecode.swift; path = UUIDHelper.swift; sourceTree = "<group>"; };
		B0D3A8031F7610CD00076C82 /* PlayerHelper.swift */ = {isa = PBXFileReference; fileEncoding = 4; lastKnownFileType = sourcecode.swift; path = PlayerHelper.swift; sourceTree = "<group>"; };
		B0D3A8041F7610CD00076C82 /* DateHelper.swift */ = {isa = PBXFileReference; fileEncoding = 4; lastKnownFileType = sourcecode.swift; path = DateHelper.swift; sourceTree = "<group>"; };
		B0D3A8051F7610CD00076C82 /* Reachability.swift */ = {isa = PBXFileReference; fileEncoding = 4; lastKnownFileType = sourcecode.swift; path = Reachability.swift; sourceTree = "<group>"; };
		B0D3A8061F7610CD00076C82 /* GlobalStyleHelper.swift */ = {isa = PBXFileReference; fileEncoding = 4; lastKnownFileType = sourcecode.swift; path = GlobalStyleHelper.swift; sourceTree = "<group>"; };
		B0D3A8071F7610CD00076C82 /* FontAwesomeHelper.swift */ = {isa = PBXFileReference; fileEncoding = 4; lastKnownFileType = sourcecode.swift; path = FontAwesomeHelper.swift; sourceTree = "<group>"; };
		B0D3A8081F7610CD00076C82 /* GeoLocationHelper.swift */ = {isa = PBXFileReference; fileEncoding = 4; lastKnownFileType = sourcecode.swift; path = GeoLocationHelper.swift; sourceTree = "<group>"; };
		B0D3A8091F7610CD00076C82 /* VideoHelper.swift */ = {isa = PBXFileReference; fileEncoding = 4; lastKnownFileType = sourcecode.swift; path = VideoHelper.swift; sourceTree = "<group>"; };
		B0D619241F76EB3400D3249F /* TaskTableCell.swift */ = {isa = PBXFileReference; lastKnownFileType = sourcecode.swift; path = TaskTableCell.swift; sourceTree = "<group>"; };
		B0D6192A1F76F42000D3249F /* SpeechToTextSearchViewController.xib */ = {isa = PBXFileReference; fileEncoding = 4; lastKnownFileType = file.xib; path = SpeechToTextSearchViewController.xib; sourceTree = "<group>"; };
		B0D6192B1F76F42000D3249F /* SpeechToTextSearchViewController.swift */ = {isa = PBXFileReference; fileEncoding = 4; lastKnownFileType = sourcecode.swift; path = SpeechToTextSearchViewController.swift; sourceTree = "<group>"; };
		B0DFA92C1F76122300229288 /* GeoAddress.swift */ = {isa = PBXFileReference; lastKnownFileType = sourcecode.swift; path = GeoAddress.swift; sourceTree = "<group>"; };
		B0DFA92F1F76A28700229288 /* APIService.swift */ = {isa = PBXFileReference; lastKnownFileType = sourcecode.swift; path = APIService.swift; sourceTree = "<group>"; };
		B0DFA9311F76A52500229288 /* QueueTabViewController.swift */ = {isa = PBXFileReference; lastKnownFileType = sourcecode.swift; path = QueueTabViewController.swift; sourceTree = "<group>"; };
		B0DFA9341F76A5CA00229288 /* AccountTabViewController.swift */ = {isa = PBXFileReference; lastKnownFileType = sourcecode.swift; path = AccountTabViewController.swift; sourceTree = "<group>"; };
		B0DFA9361F76A62100229288 /* LeaderboardTabViewController.swift */ = {isa = PBXFileReference; lastKnownFileType = sourcecode.swift; path = LeaderboardTabViewController.swift; sourceTree = "<group>"; };
		B0DFA9381F76A71B00229288 /* RealmModels.swift */ = {isa = PBXFileReference; lastKnownFileType = sourcecode.swift; path = RealmModels.swift; sourceTree = "<group>"; };
		B0E0C7781F74E5BD000DD594 /* LoginViewController.swift */ = {isa = PBXFileReference; lastKnownFileType = sourcecode.swift; path = LoginViewController.swift; sourceTree = "<group>"; };
		B0EE3F781F781D010038A1D4 /* BeginNewTaskViewController.swift */ = {isa = PBXFileReference; lastKnownFileType = sourcecode.swift; path = BeginNewTaskViewController.swift; sourceTree = "<group>"; };
		CC280DFFD899DC83FF182F5A /* Pods-riskbitTests.release.xcconfig */ = {isa = PBXFileReference; includeInIndex = 1; lastKnownFileType = text.xcconfig; name = "Pods-riskbitTests.release.xcconfig"; path = "Pods/Target Support Files/Pods-riskbitTests/Pods-riskbitTests.release.xcconfig"; sourceTree = "<group>"; };
		DC32D70A20F38BDBF9CEBF4A /* Pods_riskbitUITests.framework */ = {isa = PBXFileReference; explicitFileType = wrapper.framework; includeInIndex = 0; path = Pods_riskbitUITests.framework; sourceTree = BUILT_PRODUCTS_DIR; };
/* End PBXFileReference section */

/* Begin PBXFrameworksBuildPhase section */
		B056F3F31F74DC8A009C91B3 /* Frameworks */ = {
			isa = PBXFrameworksBuildPhase;
			buildActionMask = 2147483647;
			files = (
				EFBB420898172B89048C50B5 /* Pods_riskbit.framework in Frameworks */,
			);
			runOnlyForDeploymentPostprocessing = 0;
		};
		B056F4071F74DC8A009C91B3 /* Frameworks */ = {
			isa = PBXFrameworksBuildPhase;
			buildActionMask = 2147483647;
			files = (
				05918718476DB68696D96A4C /* Pods_riskbitTests.framework in Frameworks */,
			);
			runOnlyForDeploymentPostprocessing = 0;
		};
		B056F4121F74DC8A009C91B3 /* Frameworks */ = {
			isa = PBXFrameworksBuildPhase;
			buildActionMask = 2147483647;
			files = (
				AF06A6DB260744E7EF6867E9 /* Pods_riskbitUITests.framework in Frameworks */,
			);
			runOnlyForDeploymentPostprocessing = 0;
		};
/* End PBXFrameworksBuildPhase section */

/* Begin PBXGroup section */
		8F41F5010B43BC9C326F5DAB /* Frameworks */ = {
			isa = PBXGroup;
			children = (
				6328833E1E18F6437146B1D3 /* Pods_riskbit.framework */,
				A14F0730D30321834D093784 /* Pods_riskbitTests.framework */,
				DC32D70A20F38BDBF9CEBF4A /* Pods_riskbitUITests.framework */,
			);
			name = Frameworks;
			sourceTree = "<group>";
		};
		A204AC49BC16BA45440305C2 /* Pods */ = {
			isa = PBXGroup;
			children = (
				3E149561D16B2034D5210E67 /* Pods-riskbit.debug.xcconfig */,
				0B17995218371A964D8710F9 /* Pods-riskbit.release.xcconfig */,
				5113BED697D02F5386423D04 /* Pods-riskbitTests.debug.xcconfig */,
				CC280DFFD899DC83FF182F5A /* Pods-riskbitTests.release.xcconfig */,
				25EC8DC03D0C21EE020D197B /* Pods-riskbitUITests.debug.xcconfig */,
				52A916C2E4BD483AAA215A08 /* Pods-riskbitUITests.release.xcconfig */,
			);
			name = Pods;
			sourceTree = "<group>";
		};
		B056F3ED1F74DC8A009C91B3 = {
			isa = PBXGroup;
			children = (
				B056F3F81F74DC8A009C91B3 /* riskbit */,
				B056F40D1F74DC8A009C91B3 /* riskbitTests */,
				B056F4181F74DC8A009C91B3 /* riskbitUITests */,
				B056F3F71F74DC8A009C91B3 /* Products */,
				A204AC49BC16BA45440305C2 /* Pods */,
				8F41F5010B43BC9C326F5DAB /* Frameworks */,
			);
			sourceTree = "<group>";
		};
		B056F3F71F74DC8A009C91B3 /* Products */ = {
			isa = PBXGroup;
			children = (
				B056F3F61F74DC8A009C91B3 /* riskbit.app */,
				B056F40A1F74DC8A009C91B3 /* riskbitTests.xctest */,
				B056F4151F74DC8A009C91B3 /* riskbitUITests.xctest */,
			);
			name = Products;
			sourceTree = "<group>";
		};
		B056F3F81F74DC8A009C91B3 /* riskbit */ = {
			isa = PBXGroup;
			children = (
				B06A1CC51F77532A0049A7DB /* Constants */,
				B0AA72E81F76F6020079B1E7 /* Extensions */,
				B0D619231F76EB2B00D3249F /* Views */,
				B0DFA92E1F76A27900229288 /* Services */,
				B0DFA92B1F76121600229288 /* Models */,
				B0D3A7FD1F76108700076C82 /* Helpers */,
				B0E0C7771F74E5A5000DD594 /* Controllers */,
				B056F3F91F74DC8A009C91B3 /* AppDelegate.swift */,
				B056F4001F74DC8A009C91B3 /* Assets.xcassets */,
				B056F4021F74DC8A009C91B3 /* LaunchScreen.storyboard */,
				B056F4051F74DC8A009C91B3 /* Info.plist */,
			);
			path = riskbit;
			sourceTree = "<group>";
		};
		B056F40D1F74DC8A009C91B3 /* riskbitTests */ = {
			isa = PBXGroup;
			children = (
				B056F40E1F74DC8A009C91B3 /* riskbitTests.swift */,
				B056F4101F74DC8A009C91B3 /* Info.plist */,
			);
			path = riskbitTests;
			sourceTree = "<group>";
		};
		B056F4181F74DC8A009C91B3 /* riskbitUITests */ = {
			isa = PBXGroup;
			children = (
				B056F4191F74DC8A009C91B3 /* riskbitUITests.swift */,
				B056F41B1F74DC8A009C91B3 /* Info.plist */,
			);
			path = riskbitUITests;
			sourceTree = "<group>";
		};
		B06A1CC51F77532A0049A7DB /* Constants */ = {
			isa = PBXGroup;
			children = (
				B06A1CC61F7753330049A7DB /* StyleConstants.swift */,
			);
			path = Constants;
			sourceTree = "<group>";
		};
		B0AA72E81F76F6020079B1E7 /* Extensions */ = {
			isa = PBXGroup;
			children = (
				B0AA72E91F76F60E0079B1E7 /* UILabel.swift */,
			);
			path = Extensions;
			sourceTree = "<group>";
		};
		B0D3A7FD1F76108700076C82 /* Helpers */ = {
			isa = PBXGroup;
			children = (
				B0D3A8041F7610CD00076C82 /* DateHelper.swift */,
				B0D3A7FE1F7610CD00076C82 /* DistanceCalculationHelper.swift */,
				B0D3A8071F7610CD00076C82 /* FontAwesomeHelper.swift */,
				B0D3A8081F7610CD00076C82 /* GeoLocationHelper.swift */,
				B0D3A8061F7610CD00076C82 /* GlobalStyleHelper.swift */,
				B0D3A7FF1F7610CD00076C82 /* LocationHelper.swift */,
				B0D3A8001F7610CD00076C82 /* PermissionHelper.swift */,
				B0D3A8031F7610CD00076C82 /* PlayerHelper.swift */,
				B0D3A8051F7610CD00076C82 /* Reachability.swift */,
				B0D3A8011F7610CD00076C82 /* TimestampHelper.swift */,
				B0D3A8021F7610CD00076C82 /* UUIDHelper.swift */,
				B0D3A8091F7610CD00076C82 /* VideoHelper.swift */,
				B01B0E0F1F76BFAB007A6A62 /* JSONToRealmHelper.swift */,
				B01B0E111F76C02C007A6A62 /* RealmCrudHelper.swift */,
			);
			path = Helpers;
			sourceTree = "<group>";
		};
		B0D619231F76EB2B00D3249F /* Views */ = {
			isa = PBXGroup;
			children = (
				B0D619291F76F40C00D3249F /* SpeechToTextSearch */,
				B0D619241F76EB3400D3249F /* TaskTableCell.swift */,
				B06A1CC31F7751EC0049A7DB /* TaskDetailRiskHeaderVIew.swift */,
				B06A1CC81F7774F30049A7DB /* AddTaskTableHeaderView.swift */,
			);
			path = Views;
			sourceTree = "<group>";
		};
		B0D619291F76F40C00D3249F /* SpeechToTextSearch */ = {
			isa = PBXGroup;
			children = (
				B0D6192B1F76F42000D3249F /* SpeechToTextSearchViewController.swift */,
				B0D6192A1F76F42000D3249F /* SpeechToTextSearchViewController.xib */,
			);
			path = SpeechToTextSearch;
			sourceTree = "<group>";
		};
		B0DFA92B1F76121600229288 /* Models */ = {
			isa = PBXGroup;
			children = (
				B0DFA92C1F76122300229288 /* GeoAddress.swift */,
				B0DFA9381F76A71B00229288 /* RealmModels.swift */,
				B0AA72EB1F76F7690079B1E7 /* MappingModels.swift */,
			);
			path = Models;
			sourceTree = "<group>";
		};
		B0DFA92E1F76A27900229288 /* Services */ = {
			isa = PBXGroup;
			children = (
				B0DFA92F1F76A28700229288 /* APIService.swift */,
			);
			path = Services;
			sourceTree = "<group>";
		};
		B0DFA9331F76A56100229288 /* Tab View Controllers */ = {
			isa = PBXGroup;
			children = (
				B0DFA9311F76A52500229288 /* QueueTabViewController.swift */,
				B0D3A7F91F760F0500076C82 /* TasksTabViewController.swift */,
				B0D3A7FB1F76104500076C82 /* RootTabBarViewController.swift */,
				B0DFA9341F76A5CA00229288 /* AccountTabViewController.swift */,
				B0DFA9361F76A62100229288 /* LeaderboardTabViewController.swift */,
			);
			path = "Tab View Controllers";
			sourceTree = "<group>";
		};
		B0E0C7771F74E5A5000DD594 /* Controllers */ = {
			isa = PBXGroup;
			children = (
				B0DFA9331F76A56100229288 /* Tab View Controllers */,
				B056F3FB1F74DC8A009C91B3 /* RootViewController.swift */,
				B0E0C7781F74E5BD000DD594 /* LoginViewController.swift */,
				B02BE3871F772227001F4B18 /* TaskDetailViewController.swift */,
				B02BE3891F773FBF001F4B18 /* AddTaskToQueueViewController.swift */,
				B06A1CC11F774D130049A7DB /* UserTaskDetailViewController.swift */,
				B0EE3F781F781D010038A1D4 /* BeginNewTaskViewController.swift */,
			);
			path = Controllers;
			sourceTree = "<group>";
		};
/* End PBXGroup section */

/* Begin PBXNativeTarget section */
		B056F3F51F74DC8A009C91B3 /* riskbit */ = {
			isa = PBXNativeTarget;
			buildConfigurationList = B056F41E1F74DC8A009C91B3 /* Build configuration list for PBXNativeTarget "riskbit" */;
			buildPhases = (
				9A9ECCF24097C5ADD09BB14E /* [CP] Check Pods Manifest.lock */,
				B056F3F21F74DC8A009C91B3 /* Sources */,
				B056F3F31F74DC8A009C91B3 /* Frameworks */,
				B056F3F41F74DC8A009C91B3 /* Resources */,
				38E716C17129BE5E4427BA0F /* [CP] Embed Pods Frameworks */,
				0D96B8FBCD0C4071CE8FEF18 /* [CP] Copy Pods Resources */,
			);
			buildRules = (
			);
			dependencies = (
			);
			name = riskbit;
			productName = riskbit;
			productReference = B056F3F61F74DC8A009C91B3 /* riskbit.app */;
			productType = "com.apple.product-type.application";
		};
		B056F4091F74DC8A009C91B3 /* riskbitTests */ = {
			isa = PBXNativeTarget;
			buildConfigurationList = B056F4211F74DC8A009C91B3 /* Build configuration list for PBXNativeTarget "riskbitTests" */;
			buildPhases = (
				1992804FC4565C0044E642E0 /* [CP] Check Pods Manifest.lock */,
				B056F4061F74DC8A009C91B3 /* Sources */,
				B056F4071F74DC8A009C91B3 /* Frameworks */,
				B056F4081F74DC8A009C91B3 /* Resources */,
				A55227017832D3C13EC7BB54 /* [CP] Embed Pods Frameworks */,
				DB18375AED42050BF18D5E21 /* [CP] Copy Pods Resources */,
			);
			buildRules = (
			);
			dependencies = (
				B056F40C1F74DC8A009C91B3 /* PBXTargetDependency */,
			);
			name = riskbitTests;
			productName = riskbitTests;
			productReference = B056F40A1F74DC8A009C91B3 /* riskbitTests.xctest */;
			productType = "com.apple.product-type.bundle.unit-test";
		};
		B056F4141F74DC8A009C91B3 /* riskbitUITests */ = {
			isa = PBXNativeTarget;
			buildConfigurationList = B056F4241F74DC8A009C91B3 /* Build configuration list for PBXNativeTarget "riskbitUITests" */;
			buildPhases = (
				BF6AAD3ABD0C94CB517E8A19 /* [CP] Check Pods Manifest.lock */,
				B056F4111F74DC8A009C91B3 /* Sources */,
				B056F4121F74DC8A009C91B3 /* Frameworks */,
				B056F4131F74DC8A009C91B3 /* Resources */,
				23C6DA2703CC7C76A5DDE3A8 /* [CP] Embed Pods Frameworks */,
				A00F2F0773D710810773D763 /* [CP] Copy Pods Resources */,
			);
			buildRules = (
			);
			dependencies = (
				B056F4171F74DC8A009C91B3 /* PBXTargetDependency */,
			);
			name = riskbitUITests;
			productName = riskbitUITests;
			productReference = B056F4151F74DC8A009C91B3 /* riskbitUITests.xctest */;
			productType = "com.apple.product-type.bundle.ui-testing";
		};
/* End PBXNativeTarget section */

/* Begin PBXProject section */
		B056F3EE1F74DC8A009C91B3 /* Project object */ = {
			isa = PBXProject;
			attributes = {
				LastSwiftUpdateCheck = 0900;
				LastUpgradeCheck = 0900;
				ORGANIZATIONNAME = "Alexander Murphy";
				TargetAttributes = {
					B056F3F51F74DC8A009C91B3 = {
						CreatedOnToolsVersion = 9.0;
						ProvisioningStyle = Automatic;
					};
					B056F4091F74DC8A009C91B3 = {
						CreatedOnToolsVersion = 9.0;
						ProvisioningStyle = Automatic;
						TestTargetID = B056F3F51F74DC8A009C91B3;
					};
					B056F4141F74DC8A009C91B3 = {
						CreatedOnToolsVersion = 9.0;
						ProvisioningStyle = Automatic;
						TestTargetID = B056F3F51F74DC8A009C91B3;
					};
				};
			};
			buildConfigurationList = B056F3F11F74DC8A009C91B3 /* Build configuration list for PBXProject "riskbit" */;
			compatibilityVersion = "Xcode 8.0";
			developmentRegion = en;
			hasScannedForEncodings = 0;
			knownRegions = (
				en,
				Base,
			);
			mainGroup = B056F3ED1F74DC8A009C91B3;
			productRefGroup = B056F3F71F74DC8A009C91B3 /* Products */;
			projectDirPath = "";
			projectRoot = "";
			targets = (
				B056F3F51F74DC8A009C91B3 /* riskbit */,
				B056F4091F74DC8A009C91B3 /* riskbitTests */,
				B056F4141F74DC8A009C91B3 /* riskbitUITests */,
			);
		};
/* End PBXProject section */

/* Begin PBXResourcesBuildPhase section */
		B056F3F41F74DC8A009C91B3 /* Resources */ = {
			isa = PBXResourcesBuildPhase;
			buildActionMask = 2147483647;
			files = (
				B0D6192C1F76F42000D3249F /* SpeechToTextSearchViewController.xib in Resources */,
				B056F4041F74DC8A009C91B3 /* LaunchScreen.storyboard in Resources */,
				B056F4011F74DC8A009C91B3 /* Assets.xcassets in Resources */,
			);
			runOnlyForDeploymentPostprocessing = 0;
		};
		B056F4081F74DC8A009C91B3 /* Resources */ = {
			isa = PBXResourcesBuildPhase;
			buildActionMask = 2147483647;
			files = (
			);
			runOnlyForDeploymentPostprocessing = 0;
		};
		B056F4131F74DC8A009C91B3 /* Resources */ = {
			isa = PBXResourcesBuildPhase;
			buildActionMask = 2147483647;
			files = (
			);
			runOnlyForDeploymentPostprocessing = 0;
		};
/* End PBXResourcesBuildPhase section */

/* Begin PBXShellScriptBuildPhase section */
		0D96B8FBCD0C4071CE8FEF18 /* [CP] Copy Pods Resources */ = {
			isa = PBXShellScriptBuildPhase;
			buildActionMask = 2147483647;
			files = (
			);
			inputPaths = (
			);
			name = "[CP] Copy Pods Resources";
			outputPaths = (
			);
			runOnlyForDeploymentPostprocessing = 0;
			shellPath = /bin/sh;
			shellScript = "\"${SRCROOT}/Pods/Target Support Files/Pods-riskbit/Pods-riskbit-resources.sh\"\n";
			showEnvVarsInLog = 0;
		};
		1992804FC4565C0044E642E0 /* [CP] Check Pods Manifest.lock */ = {
			isa = PBXShellScriptBuildPhase;
			buildActionMask = 2147483647;
			files = (
			);
			inputPaths = (
				"${PODS_PODFILE_DIR_PATH}/Podfile.lock",
				"${PODS_ROOT}/Manifest.lock",
			);
			name = "[CP] Check Pods Manifest.lock";
			outputPaths = (
				"$(DERIVED_FILE_DIR)/Pods-riskbitTests-checkManifestLockResult.txt",
			);
			runOnlyForDeploymentPostprocessing = 0;
			shellPath = /bin/sh;
			shellScript = "diff \"${PODS_PODFILE_DIR_PATH}/Podfile.lock\" \"${PODS_ROOT}/Manifest.lock\" > /dev/null\nif [ $? != 0 ] ; then\n    # print error to STDERR\n    echo \"error: The sandbox is not in sync with the Podfile.lock. Run 'pod install' or update your CocoaPods installation.\" >&2\n    exit 1\nfi\n# This output is used by Xcode 'outputs' to avoid re-running this script phase.\necho \"SUCCESS\" > \"${SCRIPT_OUTPUT_FILE_0}\"\n";
			showEnvVarsInLog = 0;
		};
		23C6DA2703CC7C76A5DDE3A8 /* [CP] Embed Pods Frameworks */ = {
			isa = PBXShellScriptBuildPhase;
			buildActionMask = 2147483647;
			files = (
			);
			inputPaths = (
			);
			name = "[CP] Embed Pods Frameworks";
			outputPaths = (
			);
			runOnlyForDeploymentPostprocessing = 0;
			shellPath = /bin/sh;
			shellScript = "\"${SRCROOT}/Pods/Target Support Files/Pods-riskbitUITests/Pods-riskbitUITests-frameworks.sh\"\n";
			showEnvVarsInLog = 0;
		};
		38E716C17129BE5E4427BA0F /* [CP] Embed Pods Frameworks */ = {
			isa = PBXShellScriptBuildPhase;
			buildActionMask = 2147483647;
			files = (
			);
			inputPaths = (
				"${SRCROOT}/Pods/Target Support Files/Pods-riskbit/Pods-riskbit-frameworks.sh",
				"${BUILT_PRODUCTS_DIR}/ALCameraViewController/ALCameraViewController.framework",
				"${BUILT_PRODUCTS_DIR}/Alamofire/Alamofire.framework",
				"${BUILT_PRODUCTS_DIR}/AlamofireSwiftyJSON/AlamofireSwiftyJSON.framework",
				"${BUILT_PRODUCTS_DIR}/FontAwesome.swift/FontAwesome_swift.framework",
				"${BUILT_PRODUCTS_DIR}/FuzzyMatchingSwift/FuzzyMatchingSwift.framework",
				"${BUILT_PRODUCTS_DIR}/PermissionScope/PermissionScope.framework",
				"${BUILT_PRODUCTS_DIR}/PromiseKit/PromiseKit.framework",
				"${BUILT_PRODUCTS_DIR}/Realm/Realm.framework",
				"${BUILT_PRODUCTS_DIR}/RealmSwift/RealmSwift.framework",
				"${BUILT_PRODUCTS_DIR}/SwiftLocation/SwiftLocation.framework",
				"${BUILT_PRODUCTS_DIR}/SwiftyJSON/SwiftyJSON.framework",
			);
			name = "[CP] Embed Pods Frameworks";
			outputPaths = (
				"${TARGET_BUILD_DIR}/${FRAMEWORKS_FOLDER_PATH}/ALCameraViewController.framework",
				"${TARGET_BUILD_DIR}/${FRAMEWORKS_FOLDER_PATH}/Alamofire.framework",
				"${TARGET_BUILD_DIR}/${FRAMEWORKS_FOLDER_PATH}/AlamofireSwiftyJSON.framework",
				"${TARGET_BUILD_DIR}/${FRAMEWORKS_FOLDER_PATH}/FontAwesome_swift.framework",
				"${TARGET_BUILD_DIR}/${FRAMEWORKS_FOLDER_PATH}/FuzzyMatchingSwift.framework",
				"${TARGET_BUILD_DIR}/${FRAMEWORKS_FOLDER_PATH}/PermissionScope.framework",
				"${TARGET_BUILD_DIR}/${FRAMEWORKS_FOLDER_PATH}/PromiseKit.framework",
				"${TARGET_BUILD_DIR}/${FRAMEWORKS_FOLDER_PATH}/Realm.framework",
				"${TARGET_BUILD_DIR}/${FRAMEWORKS_FOLDER_PATH}/RealmSwift.framework",
				"${TARGET_BUILD_DIR}/${FRAMEWORKS_FOLDER_PATH}/SwiftLocation.framework",
				"${TARGET_BUILD_DIR}/${FRAMEWORKS_FOLDER_PATH}/SwiftyJSON.framework",
			);
			runOnlyForDeploymentPostprocessing = 0;
			shellPath = /bin/sh;
			shellScript = "\"${SRCROOT}/Pods/Target Support Files/Pods-riskbit/Pods-riskbit-frameworks.sh\"\n";
			showEnvVarsInLog = 0;
		};
		9A9ECCF24097C5ADD09BB14E /* [CP] Check Pods Manifest.lock */ = {
			isa = PBXShellScriptBuildPhase;
			buildActionMask = 2147483647;
			files = (
			);
			inputPaths = (
				"${PODS_PODFILE_DIR_PATH}/Podfile.lock",
				"${PODS_ROOT}/Manifest.lock",
			);
			name = "[CP] Check Pods Manifest.lock";
			outputPaths = (
				"$(DERIVED_FILE_DIR)/Pods-riskbit-checkManifestLockResult.txt",
			);
			runOnlyForDeploymentPostprocessing = 0;
			shellPath = /bin/sh;
			shellScript = "diff \"${PODS_PODFILE_DIR_PATH}/Podfile.lock\" \"${PODS_ROOT}/Manifest.lock\" > /dev/null\nif [ $? != 0 ] ; then\n    # print error to STDERR\n    echo \"error: The sandbox is not in sync with the Podfile.lock. Run 'pod install' or update your CocoaPods installation.\" >&2\n    exit 1\nfi\n# This output is used by Xcode 'outputs' to avoid re-running this script phase.\necho \"SUCCESS\" > \"${SCRIPT_OUTPUT_FILE_0}\"\n";
			showEnvVarsInLog = 0;
		};
		A00F2F0773D710810773D763 /* [CP] Copy Pods Resources */ = {
			isa = PBXShellScriptBuildPhase;
			buildActionMask = 2147483647;
			files = (
			);
			inputPaths = (
			);
			name = "[CP] Copy Pods Resources";
			outputPaths = (
			);
			runOnlyForDeploymentPostprocessing = 0;
			shellPath = /bin/sh;
			shellScript = "\"${SRCROOT}/Pods/Target Support Files/Pods-riskbitUITests/Pods-riskbitUITests-resources.sh\"\n";
			showEnvVarsInLog = 0;
		};
		A55227017832D3C13EC7BB54 /* [CP] Embed Pods Frameworks */ = {
			isa = PBXShellScriptBuildPhase;
			buildActionMask = 2147483647;
			files = (
			);
			inputPaths = (
			);
			name = "[CP] Embed Pods Frameworks";
			outputPaths = (
			);
			runOnlyForDeploymentPostprocessing = 0;
			shellPath = /bin/sh;
			shellScript = "\"${SRCROOT}/Pods/Target Support Files/Pods-riskbitTests/Pods-riskbitTests-frameworks.sh\"\n";
			showEnvVarsInLog = 0;
		};
		BF6AAD3ABD0C94CB517E8A19 /* [CP] Check Pods Manifest.lock */ = {
			isa = PBXShellScriptBuildPhase;
			buildActionMask = 2147483647;
			files = (
			);
			inputPaths = (
				"${PODS_PODFILE_DIR_PATH}/Podfile.lock",
				"${PODS_ROOT}/Manifest.lock",
			);
			name = "[CP] Check Pods Manifest.lock";
			outputPaths = (
				"$(DERIVED_FILE_DIR)/Pods-riskbitUITests-checkManifestLockResult.txt",
			);
			runOnlyForDeploymentPostprocessing = 0;
			shellPath = /bin/sh;
			shellScript = "diff \"${PODS_PODFILE_DIR_PATH}/Podfile.lock\" \"${PODS_ROOT}/Manifest.lock\" > /dev/null\nif [ $? != 0 ] ; then\n    # print error to STDERR\n    echo \"error: The sandbox is not in sync with the Podfile.lock. Run 'pod install' or update your CocoaPods installation.\" >&2\n    exit 1\nfi\n# This output is used by Xcode 'outputs' to avoid re-running this script phase.\necho \"SUCCESS\" > \"${SCRIPT_OUTPUT_FILE_0}\"\n";
			showEnvVarsInLog = 0;
		};
		DB18375AED42050BF18D5E21 /* [CP] Copy Pods Resources */ = {
			isa = PBXShellScriptBuildPhase;
			buildActionMask = 2147483647;
			files = (
			);
			inputPaths = (
			);
			name = "[CP] Copy Pods Resources";
			outputPaths = (
			);
			runOnlyForDeploymentPostprocessing = 0;
			shellPath = /bin/sh;
			shellScript = "\"${SRCROOT}/Pods/Target Support Files/Pods-riskbitTests/Pods-riskbitTests-resources.sh\"\n";
			showEnvVarsInLog = 0;
		};
/* End PBXShellScriptBuildPhase section */

/* Begin PBXSourcesBuildPhase section */
		B056F3F21F74DC8A009C91B3 /* Sources */ = {
			isa = PBXSourcesBuildPhase;
			buildActionMask = 2147483647;
			files = (
				B0D3A80F1F7610CD00076C82 /* PlayerHelper.swift in Sources */,
				B06A1CC71F7753330049A7DB /* StyleConstants.swift in Sources */,
				B0DFA9301F76A28700229288 /* APIService.swift in Sources */,
				B0AA72EA1F76F60E0079B1E7 /* UILabel.swift in Sources */,
				B0E0C7791F74E5BD000DD594 /* LoginViewController.swift in Sources */,
				B0D3A7FA1F760F0500076C82 /* TasksTabViewController.swift in Sources */,
				B06A1CC21F774D130049A7DB /* UserTaskDetailViewController.swift in Sources */,
				B0D3A80C1F7610CD00076C82 /* PermissionHelper.swift in Sources */,
				B01B0E121F76C02C007A6A62 /* RealmCrudHelper.swift in Sources */,
				B0AA72EC1F76F7690079B1E7 /* MappingModels.swift in Sources */,
				B0D6192D1F76F42000D3249F /* SpeechToTextSearchViewController.swift in Sources */,
				B0D3A8151F7610CD00076C82 /* VideoHelper.swift in Sources */,
				B0DFA9371F76A62100229288 /* LeaderboardTabViewController.swift in Sources */,
				B0D3A7FC1F76104500076C82 /* RootTabBarViewController.swift in Sources */,
				B0DFA92D1F76122300229288 /* GeoAddress.swift in Sources */,
				B0D3A80E1F7610CD00076C82 /* UUIDHelper.swift in Sources */,
				B0DFA9351F76A5CA00229288 /* AccountTabViewController.swift in Sources */,
				B0D3A8141F7610CD00076C82 /* GeoLocationHelper.swift in Sources */,
				B0DFA9321F76A52500229288 /* QueueTabViewController.swift in Sources */,
				B0D3A8121F7610CD00076C82 /* GlobalStyleHelper.swift in Sources */,
				B056F3FC1F74DC8A009C91B3 /* RootViewController.swift in Sources */,
				B0DFA9391F76A71B00229288 /* RealmModels.swift in Sources */,
				B01B0E101F76BFAB007A6A62 /* JSONToRealmHelper.swift in Sources */,
				B02BE38A1F773FBF001F4B18 /* AddTaskToQueueViewController.swift in Sources */,
				B0D3A80A1F7610CD00076C82 /* DistanceCalculationHelper.swift in Sources */,
				B0D3A80B1F7610CD00076C82 /* LocationHelper.swift in Sources */,
				B0D3A8101F7610CD00076C82 /* DateHelper.swift in Sources */,
				B02BE3881F772227001F4B18 /* TaskDetailViewController.swift in Sources */,
				B0EE3F791F781D010038A1D4 /* BeginNewTaskViewController.swift in Sources */,
				B0D619251F76EB3400D3249F /* TaskTableCell.swift in Sources */,
				B0D3A8131F7610CD00076C82 /* FontAwesomeHelper.swift in Sources */,
				B056F3FA1F74DC8A009C91B3 /* AppDelegate.swift in Sources */,
				B06A1CC91F7774F30049A7DB /* AddTaskTableHeaderView.swift in Sources */,
				B0D3A80D1F7610CD00076C82 /* TimestampHelper.swift in Sources */,
				B0D3A8111F7610CD00076C82 /* Reachability.swift in Sources */,
				B06A1CC41F7751EC0049A7DB /* TaskDetailRiskHeaderVIew.swift in Sources */,
			);
			runOnlyForDeploymentPostprocessing = 0;
		};
		B056F4061F74DC8A009C91B3 /* Sources */ = {
			isa = PBXSourcesBuildPhase;
			buildActionMask = 2147483647;
			files = (
				B056F40F1F74DC8A009C91B3 /* riskbitTests.swift in Sources */,
			);
			runOnlyForDeploymentPostprocessing = 0;
		};
		B056F4111F74DC8A009C91B3 /* Sources */ = {
			isa = PBXSourcesBuildPhase;
			buildActionMask = 2147483647;
			files = (
				B056F41A1F74DC8A009C91B3 /* riskbitUITests.swift in Sources */,
			);
			runOnlyForDeploymentPostprocessing = 0;
		};
/* End PBXSourcesBuildPhase section */

/* Begin PBXTargetDependency section */
		B056F40C1F74DC8A009C91B3 /* PBXTargetDependency */ = {
			isa = PBXTargetDependency;
			target = B056F3F51F74DC8A009C91B3 /* riskbit */;
			targetProxy = B056F40B1F74DC8A009C91B3 /* PBXContainerItemProxy */;
		};
		B056F4171F74DC8A009C91B3 /* PBXTargetDependency */ = {
			isa = PBXTargetDependency;
			target = B056F3F51F74DC8A009C91B3 /* riskbit */;
			targetProxy = B056F4161F74DC8A009C91B3 /* PBXContainerItemProxy */;
		};
/* End PBXTargetDependency section */

/* Begin PBXVariantGroup section */
		B056F4021F74DC8A009C91B3 /* LaunchScreen.storyboard */ = {
			isa = PBXVariantGroup;
			children = (
				B056F4031F74DC8A009C91B3 /* Base */,
			);
			name = LaunchScreen.storyboard;
			sourceTree = "<group>";
		};
/* End PBXVariantGroup section */

/* Begin XCBuildConfiguration section */
		B056F41C1F74DC8A009C91B3 /* Debug */ = {
			isa = XCBuildConfiguration;
			buildSettings = {
				ALWAYS_SEARCH_USER_PATHS = NO;
				CLANG_ANALYZER_NONNULL = YES;
				CLANG_ANALYZER_NUMBER_OBJECT_CONVERSION = YES_AGGRESSIVE;
				CLANG_CXX_LANGUAGE_STANDARD = "gnu++14";
				CLANG_CXX_LIBRARY = "libc++";
				CLANG_ENABLE_MODULES = YES;
				CLANG_ENABLE_OBJC_ARC = YES;
				CLANG_WARN_BLOCK_CAPTURE_AUTORELEASING = YES;
				CLANG_WARN_BOOL_CONVERSION = YES;
				CLANG_WARN_COMMA = YES;
				CLANG_WARN_CONSTANT_CONVERSION = YES;
				CLANG_WARN_DIRECT_OBJC_ISA_USAGE = YES_ERROR;
				CLANG_WARN_DOCUMENTATION_COMMENTS = YES;
				CLANG_WARN_EMPTY_BODY = YES;
				CLANG_WARN_ENUM_CONVERSION = YES;
				CLANG_WARN_INFINITE_RECURSION = YES;
				CLANG_WARN_INT_CONVERSION = YES;
				CLANG_WARN_NON_LITERAL_NULL_CONVERSION = YES;
				CLANG_WARN_OBJC_LITERAL_CONVERSION = YES;
				CLANG_WARN_OBJC_ROOT_CLASS = YES_ERROR;
				CLANG_WARN_RANGE_LOOP_ANALYSIS = YES;
				CLANG_WARN_STRICT_PROTOTYPES = YES;
				CLANG_WARN_SUSPICIOUS_MOVE = YES;
				CLANG_WARN_UNGUARDED_AVAILABILITY = YES_AGGRESSIVE;
				CLANG_WARN_UNREACHABLE_CODE = YES;
				CLANG_WARN__DUPLICATE_METHOD_MATCH = YES;
				CODE_SIGN_IDENTITY = "iPhone Developer";
				COPY_PHASE_STRIP = NO;
				DEBUG_INFORMATION_FORMAT = dwarf;
				ENABLE_STRICT_OBJC_MSGSEND = YES;
				ENABLE_TESTABILITY = YES;
				GCC_C_LANGUAGE_STANDARD = gnu11;
				GCC_DYNAMIC_NO_PIC = NO;
				GCC_NO_COMMON_BLOCKS = YES;
				GCC_OPTIMIZATION_LEVEL = 0;
				GCC_PREPROCESSOR_DEFINITIONS = (
					"DEBUG=1",
					"$(inherited)",
				);
				GCC_WARN_64_TO_32_BIT_CONVERSION = YES;
				GCC_WARN_ABOUT_RETURN_TYPE = YES_ERROR;
				GCC_WARN_UNDECLARED_SELECTOR = YES;
				GCC_WARN_UNINITIALIZED_AUTOS = YES_AGGRESSIVE;
				GCC_WARN_UNUSED_FUNCTION = YES;
				GCC_WARN_UNUSED_VARIABLE = YES;
				IPHONEOS_DEPLOYMENT_TARGET = 11.0;
				MTL_ENABLE_DEBUG_INFO = YES;
				ONLY_ACTIVE_ARCH = YES;
				SDKROOT = iphoneos;
				SWIFT_ACTIVE_COMPILATION_CONDITIONS = DEBUG;
				SWIFT_OPTIMIZATION_LEVEL = "-Onone";
			};
			name = Debug;
		};
		B056F41D1F74DC8A009C91B3 /* Release */ = {
			isa = XCBuildConfiguration;
			buildSettings = {
				ALWAYS_SEARCH_USER_PATHS = NO;
				CLANG_ANALYZER_NONNULL = YES;
				CLANG_ANALYZER_NUMBER_OBJECT_CONVERSION = YES_AGGRESSIVE;
				CLANG_CXX_LANGUAGE_STANDARD = "gnu++14";
				CLANG_CXX_LIBRARY = "libc++";
				CLANG_ENABLE_MODULES = YES;
				CLANG_ENABLE_OBJC_ARC = YES;
				CLANG_WARN_BLOCK_CAPTURE_AUTORELEASING = YES;
				CLANG_WARN_BOOL_CONVERSION = YES;
				CLANG_WARN_COMMA = YES;
				CLANG_WARN_CONSTANT_CONVERSION = YES;
				CLANG_WARN_DIRECT_OBJC_ISA_USAGE = YES_ERROR;
				CLANG_WARN_DOCUMENTATION_COMMENTS = YES;
				CLANG_WARN_EMPTY_BODY = YES;
				CLANG_WARN_ENUM_CONVERSION = YES;
				CLANG_WARN_INFINITE_RECURSION = YES;
				CLANG_WARN_INT_CONVERSION = YES;
				CLANG_WARN_NON_LITERAL_NULL_CONVERSION = YES;
				CLANG_WARN_OBJC_LITERAL_CONVERSION = YES;
				CLANG_WARN_OBJC_ROOT_CLASS = YES_ERROR;
				CLANG_WARN_RANGE_LOOP_ANALYSIS = YES;
				CLANG_WARN_STRICT_PROTOTYPES = YES;
				CLANG_WARN_SUSPICIOUS_MOVE = YES;
				CLANG_WARN_UNGUARDED_AVAILABILITY = YES_AGGRESSIVE;
				CLANG_WARN_UNREACHABLE_CODE = YES;
				CLANG_WARN__DUPLICATE_METHOD_MATCH = YES;
				CODE_SIGN_IDENTITY = "iPhone Developer";
				COPY_PHASE_STRIP = NO;
				DEBUG_INFORMATION_FORMAT = "dwarf-with-dsym";
				ENABLE_NS_ASSERTIONS = NO;
				ENABLE_STRICT_OBJC_MSGSEND = YES;
				GCC_C_LANGUAGE_STANDARD = gnu11;
				GCC_NO_COMMON_BLOCKS = YES;
				GCC_WARN_64_TO_32_BIT_CONVERSION = YES;
				GCC_WARN_ABOUT_RETURN_TYPE = YES_ERROR;
				GCC_WARN_UNDECLARED_SELECTOR = YES;
				GCC_WARN_UNINITIALIZED_AUTOS = YES_AGGRESSIVE;
				GCC_WARN_UNUSED_FUNCTION = YES;
				GCC_WARN_UNUSED_VARIABLE = YES;
				IPHONEOS_DEPLOYMENT_TARGET = 11.0;
				MTL_ENABLE_DEBUG_INFO = NO;
				SDKROOT = iphoneos;
				SWIFT_OPTIMIZATION_LEVEL = "-Owholemodule";
				VALIDATE_PRODUCT = YES;
			};
			name = Release;
		};
		B056F41F1F74DC8A009C91B3 /* Debug */ = {
			isa = XCBuildConfiguration;
			baseConfigurationReference = 3E149561D16B2034D5210E67 /* Pods-riskbit.debug.xcconfig */;
			buildSettings = {
				ASSETCATALOG_COMPILER_APPICON_NAME = AppIcon;
				CODE_SIGN_STYLE = Automatic;
				DEVELOPMENT_TEAM = 9L49SS68XP;
				INFOPLIST_FILE = riskbit/Info.plist;
				LD_RUNPATH_SEARCH_PATHS = "$(inherited) @executable_path/Frameworks";
				PRODUCT_BUNDLE_IDENTIFIER = thexande.riskbit;
				PRODUCT_NAME = "$(TARGET_NAME)";
				SWIFT_VERSION = 3.0;
				TARGETED_DEVICE_FAMILY = "1,2";
			};
			name = Debug;
		};
		B056F4201F74DC8A009C91B3 /* Release */ = {
			isa = XCBuildConfiguration;
			baseConfigurationReference = 0B17995218371A964D8710F9 /* Pods-riskbit.release.xcconfig */;
			buildSettings = {
				ASSETCATALOG_COMPILER_APPICON_NAME = AppIcon;
				CODE_SIGN_STYLE = Automatic;
				DEVELOPMENT_TEAM = 9L49SS68XP;
				INFOPLIST_FILE = riskbit/Info.plist;
				LD_RUNPATH_SEARCH_PATHS = "$(inherited) @executable_path/Frameworks";
				PRODUCT_BUNDLE_IDENTIFIER = thexande.riskbit;
				PRODUCT_NAME = "$(TARGET_NAME)";
				SWIFT_VERSION = 3.0;
				TARGETED_DEVICE_FAMILY = "1,2";
			};
			name = Release;
		};
		B056F4221F74DC8A009C91B3 /* Debug */ = {
			isa = XCBuildConfiguration;
			baseConfigurationReference = 5113BED697D02F5386423D04 /* Pods-riskbitTests.debug.xcconfig */;
			buildSettings = {
				ALWAYS_EMBED_SWIFT_STANDARD_LIBRARIES = YES;
				BUNDLE_LOADER = "$(TEST_HOST)";
				CODE_SIGN_STYLE = Automatic;
				INFOPLIST_FILE = riskbitTests/Info.plist;
				LD_RUNPATH_SEARCH_PATHS = "$(inherited) @executable_path/Frameworks @loader_path/Frameworks";
				PRODUCT_BUNDLE_IDENTIFIER = thexande.riskbitTests;
				PRODUCT_NAME = "$(TARGET_NAME)";
				SWIFT_VERSION = 4.0;
				TARGETED_DEVICE_FAMILY = "1,2";
				TEST_HOST = "$(BUILT_PRODUCTS_DIR)/riskbit.app/riskbit";
			};
			name = Debug;
		};
		B056F4231F74DC8A009C91B3 /* Release */ = {
			isa = XCBuildConfiguration;
			baseConfigurationReference = CC280DFFD899DC83FF182F5A /* Pods-riskbitTests.release.xcconfig */;
			buildSettings = {
				ALWAYS_EMBED_SWIFT_STANDARD_LIBRARIES = YES;
				BUNDLE_LOADER = "$(TEST_HOST)";
				CODE_SIGN_STYLE = Automatic;
				INFOPLIST_FILE = riskbitTests/Info.plist;
				LD_RUNPATH_SEARCH_PATHS = "$(inherited) @executable_path/Frameworks @loader_path/Frameworks";
				PRODUCT_BUNDLE_IDENTIFIER = thexande.riskbitTests;
				PRODUCT_NAME = "$(TARGET_NAME)";
				SWIFT_VERSION = 4.0;
				TARGETED_DEVICE_FAMILY = "1,2";
				TEST_HOST = "$(BUILT_PRODUCTS_DIR)/riskbit.app/riskbit";
			};
			name = Release;
		};
		B056F4251F74DC8A009C91B3 /* Debug */ = {
			isa = XCBuildConfiguration;
			baseConfigurationReference = 25EC8DC03D0C21EE020D197B /* Pods-riskbitUITests.debug.xcconfig */;
			buildSettings = {
				ALWAYS_EMBED_SWIFT_STANDARD_LIBRARIES = YES;
				CODE_SIGN_STYLE = Automatic;
				INFOPLIST_FILE = riskbitUITests/Info.plist;
				LD_RUNPATH_SEARCH_PATHS = "$(inherited) @executable_path/Frameworks @loader_path/Frameworks";
				PRODUCT_BUNDLE_IDENTIFIER = thexande.riskbitUITests;
				PRODUCT_NAME = "$(TARGET_NAME)";
				SWIFT_VERSION = 4.0;
				TARGETED_DEVICE_FAMILY = "1,2";
				TEST_TARGET_NAME = riskbit;
			};
			name = Debug;
		};
		B056F4261F74DC8A009C91B3 /* Release */ = {
			isa = XCBuildConfiguration;
			baseConfigurationReference = 52A916C2E4BD483AAA215A08 /* Pods-riskbitUITests.release.xcconfig */;
			buildSettings = {
				ALWAYS_EMBED_SWIFT_STANDARD_LIBRARIES = YES;
				CODE_SIGN_STYLE = Automatic;
				INFOPLIST_FILE = riskbitUITests/Info.plist;
				LD_RUNPATH_SEARCH_PATHS = "$(inherited) @executable_path/Frameworks @loader_path/Frameworks";
				PRODUCT_BUNDLE_IDENTIFIER = thexande.riskbitUITests;
				PRODUCT_NAME = "$(TARGET_NAME)";
				SWIFT_VERSION = 4.0;
				TARGETED_DEVICE_FAMILY = "1,2";
				TEST_TARGET_NAME = riskbit;
			};
			name = Release;
		};
/* End XCBuildConfiguration section */

/* Begin XCConfigurationList section */
		B056F3F11F74DC8A009C91B3 /* Build configuration list for PBXProject "riskbit" */ = {
			isa = XCConfigurationList;
			buildConfigurations = (
				B056F41C1F74DC8A009C91B3 /* Debug */,
				B056F41D1F74DC8A009C91B3 /* Release */,
			);
			defaultConfigurationIsVisible = 0;
			defaultConfigurationName = Release;
		};
		B056F41E1F74DC8A009C91B3 /* Build configuration list for PBXNativeTarget "riskbit" */ = {
			isa = XCConfigurationList;
			buildConfigurations = (
				B056F41F1F74DC8A009C91B3 /* Debug */,
				B056F4201F74DC8A009C91B3 /* Release */,
			);
			defaultConfigurationIsVisible = 0;
			defaultConfigurationName = Release;
		};
		B056F4211F74DC8A009C91B3 /* Build configuration list for PBXNativeTarget "riskbitTests" */ = {
			isa = XCConfigurationList;
			buildConfigurations = (
				B056F4221F74DC8A009C91B3 /* Debug */,
				B056F4231F74DC8A009C91B3 /* Release */,
			);
			defaultConfigurationIsVisible = 0;
			defaultConfigurationName = Release;
		};
		B056F4241F74DC8A009C91B3 /* Build configuration list for PBXNativeTarget "riskbitUITests" */ = {
			isa = XCConfigurationList;
			buildConfigurations = (
				B056F4251F74DC8A009C91B3 /* Debug */,
				B056F4261F74DC8A009C91B3 /* Release */,
			);
			defaultConfigurationIsVisible = 0;
			defaultConfigurationName = Release;
		};
/* End XCConfigurationList section */
	};
	rootObject = B056F3EE1F74DC8A009C91B3 /* Project object */;
}
